
Microsoft Visual Studio Solution File, Format Version 12.00
# Visual Studio Version 17
VisualStudioVersion = 17.12.35707.178 d17.12
MinimumVisualStudioVersion = 10.0.40219.1
Project("{FAE04EC0-301F-11D3-BF4B-00C04F79EFBC}") = "Bi-system.Domain", "Bi-system.Domain\Bi-system.Domain.csproj", "{E46E1034-E2EB-449F-9023-9A6B80A17D0C}"
EndProject
Project("{FAE04EC0-301F-11D3-BF4B-00C04F79EFBC}") = "Bi-system.Application", "Bi-system.Application\Bi-system.Application.csproj", "{5285A202-7903-47CB-91E8-7D8008745E2E}"
EndProject
Project("{FAE04EC0-301F-11D3-BF4B-00C04F79EFBC}") = "Bi-system.Infrastructure", "Bi-system.Infrastructure\Bi-system.Infrastructure.csproj", "{4834D634-FD30-47D3-B2B7-7672FD523E2B}"
EndProject
Project("{FAE04EC0-301F-11D3-BF4B-00C04F79EFBC}") = "Bi-system.API", "Bi-system.API\Bi-system.API.csproj", "{15441003-3402-4285-87D1-85E75BC5ADAC}"
EndProject
Global
	GlobalSection(SolutionConfigurationPlatforms) = preSolution
		Debug|Any CPU = Debug|Any CPU
		Release|Any CPU = Release|Any CPU
	EndGlobalSection
	GlobalSection(ProjectConfigurationPlatforms) = postSolution
		{E46E1034-E2EB-449F-9023-9A6B80A17D0C}.Debug|Any CPU.ActiveCfg = Debug|Any CPU
		{E46E1034-E2EB-449F-9023-9A6B80A17D0C}.Debug|Any CPU.Build.0 = Debug|Any CPU
		{E46E1034-E2EB-449F-9023-9A6B80A17D0C}.Release|Any CPU.ActiveCfg = Release|Any CPU
		{E46E1034-E2EB-449F-9023-9A6B80A17D0C}.Release|Any CPU.Build.0 = Release|Any CPU
		{5285A202-7903-47CB-91E8-7D8008745E2E}.Debug|Any CPU.ActiveCfg = Debug|Any CPU
		{5285A202-7903-47CB-91E8-7D8008745E2E}.Debug|Any CPU.Build.0 = Debug|Any CPU
		{5285A202-7903-47CB-91E8-7D8008745E2E}.Release|Any CPU.ActiveCfg = Release|Any CPU
		{5285A202-7903-47CB-91E8-7D8008745E2E}.Release|Any CPU.Build.0 = Release|Any CPU
		{4834D634-FD30-47D3-B2B7-7672FD523E2B}.Debug|Any CPU.ActiveCfg = Debug|Any CPU
		{4834D634-FD30-47D3-B2B7-7672FD523E2B}.Debug|Any CPU.Build.0 = Debug|Any CPU
		{4834D634-FD30-47D3-B2B7-7672FD523E2B}.Release|Any CPU.ActiveCfg = Release|Any CPU
		{4834D634-FD30-47D3-B2B7-7672FD523E2B}.Release|Any CPU.Build.0 = Release|Any CPU
		{15441003-3402-4285-87D1-85E75BC5ADAC}.Debug|Any CPU.ActiveCfg = Debug|Any CPU
		{15441003-3402-4285-87D1-85E75BC5ADAC}.Debug|Any CPU.Build.0 = Debug|Any CPU
		{15441003-3402-4285-87D1-85E75BC5ADAC}.Release|Any CPU.ActiveCfg = Release|Any CPU
		{15441003-3402-4285-87D1-85E75BC5ADAC}.Release|Any CPU.Build.0 = Release|Any CPU
	EndGlobalSection
	GlobalSection(SolutionProperties) = preSolution
		HideSolutionNode = FALSE
	EndGlobalSection
EndGlobal
